// !$*UTF8*$!
{
	archiveVersion = 1;
	classes = {
	};
	objectVersion = 46;
	objects = {

/* Begin PBXBuildFile section */
		A66C92691C4FE9C7009E9CAF /* BabysitterBot.swift in Sources */ = {isa = PBXBuildFile; fileRef = A66C92681C4FE9C7009E9CAF /* BabysitterBot.swift */; };
		AF632AC41C5117F700270027 /* RaumvermesserBot.swift in Sources */ = {isa = PBXBuildFile; fileRef = AF632AC31C5117F700270027 /* RaumvermesserBot.swift */; };
		B84142191C070EED007E4270 /* AppDelegate.swift in Sources */ = {isa = PBXBuildFile; fileRef = B84142181C070EED007E4270 /* AppDelegate.swift */; };
		B84142231C070EED007E4270 /* Assets.xcassets in Resources */ = {isa = PBXBuildFile; fileRef = B84142221C070EED007E4270 /* Assets.xcassets */; };
		B84142261C070EED007E4270 /* LaunchScreen.storyboard in Resources */ = {isa = PBXBuildFile; fileRef = B84142241C070EED007E4270 /* LaunchScreen.storyboard */; };
		B84142311C070EEE007E4270 /* MobileBotTests.swift in Sources */ = {isa = PBXBuildFile; fileRef = B84142301C070EEE007E4270 /* MobileBotTests.swift */; };
		B841423C1C070EEE007E4270 /* MobileBotUITests.swift in Sources */ = {isa = PBXBuildFile; fileRef = B841423B1C070EEE007E4270 /* MobileBotUITests.swift */; };
		B841428F1C070FB5007E4270 /* BotConnection.m in Sources */ = {isa = PBXBuildFile; fileRef = B841426E1C070FB5007E4270 /* BotConnection.m */; };
		B84142901C070FB5007E4270 /* BotConnectionManager.m in Sources */ = {isa = PBXBuildFile; fileRef = B84142701C070FB5007E4270 /* BotConnectionManager.m */; };
		B84142911C070FB5007E4270 /* BotController.swift in Sources */ = {isa = PBXBuildFile; fileRef = B84142711C070FB5007E4270 /* BotController.swift */; };
		B84142921C070FB5007E4270 /* BotControlTestViewController.swift in Sources */ = {isa = PBXBuildFile; fileRef = B84142731C070FB5007E4270 /* BotControlTestViewController.swift */; };
		B84142931C070FB5007E4270 /* BotNavigator.swift in Sources */ = {isa = PBXBuildFile; fileRef = B84142741C070FB5007E4270 /* BotNavigator.swift */; };
		B84142941C070FB5007E4270 /* BotUtils.swift in Sources */ = {isa = PBXBuildFile; fileRef = B84142751C070FB5007E4270 /* BotUtils.swift */; };
		B84142951C070FB5007E4270 /* Command.swift in Sources */ = {isa = PBXBuildFile; fileRef = B84142761C070FB5007E4270 /* Command.swift */; };
		B84142961C070FB5007E4270 /* CommandQueue.swift in Sources */ = {isa = PBXBuildFile; fileRef = B84142771C070FB5007E4270 /* CommandQueue.swift */; };
		B84142971C070FB5007E4270 /* DashViewController.swift in Sources */ = {isa = PBXBuildFile; fileRef = B84142781C070FB5007E4270 /* DashViewController.swift */; };
		B84142991C070FB5007E4270 /* MobileBot.xcdatamodeld in Sources */ = {isa = PBXBuildFile; fileRef = B841427C1C070FB5007E4270 /* MobileBot.xcdatamodeld */; };
		B841429A1C070FB5007E4270 /* PersistableRegion.swift in Sources */ = {isa = PBXBuildFile; fileRef = B841427E1C070FB5007E4270 /* PersistableRegion.swift */; };
		B841429B1C070FB5007E4270 /* ProtocolCommand.m in Sources */ = {isa = PBXBuildFile; fileRef = B84142801C070FB5007E4270 /* ProtocolCommand.m */; };
		B841429C1C070FB5007E4270 /* ProtocolCommandExecutionUnit.m in Sources */ = {isa = PBXBuildFile; fileRef = B84142821C070FB5007E4270 /* ProtocolCommandExecutionUnit.m */; };
		B841429D1C070FB5007E4270 /* ProtocolCommandField.m in Sources */ = {isa = PBXBuildFile; fileRef = B84142841C070FB5007E4270 /* ProtocolCommandField.m */; };
		B841429F1C070FB5007E4270 /* SettingsViewController.swift in Sources */ = {isa = PBXBuildFile; fileRef = B84142861C070FB5007E4270 /* SettingsViewController.swift */; };
		B84142A01C070FB5007E4270 /* Stream.swift in Sources */ = {isa = PBXBuildFile; fileRef = B84142871C070FB5007E4270 /* Stream.swift */; };
		B84142A11C070FB5007E4270 /* StreamableLogger.swift in Sources */ = {isa = PBXBuildFile; fileRef = B84142881C070FB5007E4270 /* StreamableLogger.swift */; };
		B84142A21C070FB5007E4270 /* TestHardwareController.swift in Sources */ = {isa = PBXBuildFile; fileRef = B84142891C070FB5007E4270 /* TestHardwareController.swift */; };
		B84142A31C070FB5007E4270 /* Toaster.swift in Sources */ = {isa = PBXBuildFile; fileRef = B841428A1C070FB5007E4270 /* Toaster.swift */; };
		B84142A41C070FB5007E4270 /* UILocalNotificationExtension.swift in Sources */ = {isa = PBXBuildFile; fileRef = B841428B1C070FB5007E4270 /* UILocalNotificationExtension.swift */; };
		B84142D41C0713B6007E4270 /* Main.storyboard in Resources */ = {isa = PBXBuildFile; fileRef = B84142D31C0713B6007E4270 /* Main.storyboard */; };
		B895E98B1C21B1EA00BDFE04 /* UseCaseManager.swift in Sources */ = {isa = PBXBuildFile; fileRef = B895E98A1C21B1EA00BDFE04 /* UseCaseManager.swift */; };
		B895E9A01C21B43B00BDFE04 /* beaconmanager.de.framework in Frameworks */ = {isa = PBXBuildFile; fileRef = B895E99F1C21B43B00BDFE04 /* beaconmanager.de.framework */; };
		B895E9A21C21B44D00BDFE04 /* CoreBluetooth.framework in Frameworks */ = {isa = PBXBuildFile; fileRef = B895E9A11C21B44D00BDFE04 /* CoreBluetooth.framework */; };
		B895E9A41C21B45300BDFE04 /* CoreData.framework in Frameworks */ = {isa = PBXBuildFile; fileRef = B895E9A31C21B45300BDFE04 /* CoreData.framework */; };
		B895E9A61C21B45900BDFE04 /* Accelerate.framework in Frameworks */ = {isa = PBXBuildFile; fileRef = B895E9A51C21B45900BDFE04 /* Accelerate.framework */; };
		B895E9A81C21B45F00BDFE04 /* Security.framework in Frameworks */ = {isa = PBXBuildFile; fileRef = B895E9A71C21B45F00BDFE04 /* Security.framework */; };
		B895E9AA1C21B46800BDFE04 /* NotificationCenter.framework in Frameworks */ = {isa = PBXBuildFile; fileRef = B895E9A91C21B46800BDFE04 /* NotificationCenter.framework */; };
		B895E9AC1C21B46D00BDFE04 /* MapKit.framework in Frameworks */ = {isa = PBXBuildFile; fileRef = B895E9AB1C21B46D00BDFE04 /* MapKit.framework */; };
		B895E9AE1C21B47300BDFE04 /* CoreLocation.framework in Frameworks */ = {isa = PBXBuildFile; fileRef = B895E9AD1C21B47300BDFE04 /* CoreLocation.framework */; };
		B895E9B11C21B5DD00BDFE04 /* libz.dylib in Frameworks */ = {isa = PBXBuildFile; fileRef = B895E9AF1C21B5DD00BDFE04 /* libz.dylib */; };
		B895E9B21C21B5DD00BDFE04 /* libxml2.dylib in Frameworks */ = {isa = PBXBuildFile; fileRef = B895E9B01C21B5DD00BDFE04 /* libxml2.dylib */; };
		B8BF80E81C21C41D00FA890C /* beaconmanager.de.res.bundle in Resources */ = {isa = PBXBuildFile; fileRef = B8BF80E71C21C41D00FA890C /* beaconmanager.de.res.bundle */; };
/* End PBXBuildFile section */

/* Begin PBXContainerItemProxy section */
		B841422D1C070EEE007E4270 /* PBXContainerItemProxy */ = {
			isa = PBXContainerItemProxy;
			containerPortal = B841420D1C070EED007E4270 /* Project object */;
			proxyType = 1;
			remoteGlobalIDString = B84142141C070EED007E4270;
			remoteInfo = MobileBot;
		};
		B84142381C070EEE007E4270 /* PBXContainerItemProxy */ = {
			isa = PBXContainerItemProxy;
			containerPortal = B841420D1C070EED007E4270 /* Project object */;
			proxyType = 1;
			remoteGlobalIDString = B84142141C070EED007E4270;
			remoteInfo = MobileBot;
		};
/* End PBXContainerItemProxy section */

/* Begin PBXFileReference section */
		A66C92681C4FE9C7009E9CAF /* BabysitterBot.swift */ = {isa = PBXFileReference; fileEncoding = 4; lastKnownFileType = sourcecode.swift; path = BabysitterBot.swift; sourceTree = "<group>"; };
		AF632AC31C5117F700270027 /* RaumvermesserBot.swift */ = {isa = PBXFileReference; fileEncoding = 4; lastKnownFileType = sourcecode.swift; path = RaumvermesserBot.swift; sourceTree = "<group>"; };
		B84142151C070EED007E4270 /* MobileBot.app */ = {isa = PBXFileReference; explicitFileType = wrapper.application; includeInIndex = 0; path = MobileBot.app; sourceTree = BUILT_PRODUCTS_DIR; };
		B84142181C070EED007E4270 /* AppDelegate.swift */ = {isa = PBXFileReference; lastKnownFileType = sourcecode.swift; path = AppDelegate.swift; sourceTree = "<group>"; };
		B84142221C070EED007E4270 /* Assets.xcassets */ = {isa = PBXFileReference; lastKnownFileType = folder.assetcatalog; path = Assets.xcassets; sourceTree = "<group>"; };
		B84142251C070EED007E4270 /* Base */ = {isa = PBXFileReference; lastKnownFileType = file.storyboard; name = Base; path = Base.lproj/LaunchScreen.storyboard; sourceTree = "<group>"; };
		B84142271C070EED007E4270 /* Info.plist */ = {isa = PBXFileReference; lastKnownFileType = text.plist.xml; path = Info.plist; sourceTree = "<group>"; };
		B841422C1C070EEE007E4270 /* MobileBotTests.xctest */ = {isa = PBXFileReference; explicitFileType = wrapper.cfbundle; includeInIndex = 0; path = MobileBotTests.xctest; sourceTree = BUILT_PRODUCTS_DIR; };
		B84142301C070EEE007E4270 /* MobileBotTests.swift */ = {isa = PBXFileReference; lastKnownFileType = sourcecode.swift; path = MobileBotTests.swift; sourceTree = "<group>"; };
		B84142321C070EEE007E4270 /* Info.plist */ = {isa = PBXFileReference; lastKnownFileType = text.plist.xml; path = Info.plist; sourceTree = "<group>"; };
		B84142371C070EEE007E4270 /* MobileBotUITests.xctest */ = {isa = PBXFileReference; explicitFileType = wrapper.cfbundle; includeInIndex = 0; path = MobileBotUITests.xctest; sourceTree = BUILT_PRODUCTS_DIR; };
		B841423B1C070EEE007E4270 /* MobileBotUITests.swift */ = {isa = PBXFileReference; lastKnownFileType = sourcecode.swift; path = MobileBotUITests.swift; sourceTree = "<group>"; };
		B841423D1C070EEE007E4270 /* Info.plist */ = {isa = PBXFileReference; lastKnownFileType = text.plist.xml; path = Info.plist; sourceTree = "<group>"; };
		B841426A1C070FB5007E4270 /* MobileBot-Bridging-Header.h */ = {isa = PBXFileReference; lastKnownFileType = sourcecode.c.h; path = "MobileBot-Bridging-Header.h"; sourceTree = "<group>"; };
		B841426D1C070FB5007E4270 /* BotConnection.h */ = {isa = PBXFileReference; fileEncoding = 4; lastKnownFileType = sourcecode.c.h; path = BotConnection.h; sourceTree = "<group>"; };
		B841426E1C070FB5007E4270 /* BotConnection.m */ = {isa = PBXFileReference; fileEncoding = 4; lastKnownFileType = sourcecode.c.objc; path = BotConnection.m; sourceTree = "<group>"; };
		B841426F1C070FB5007E4270 /* BotConnectionManager.h */ = {isa = PBXFileReference; fileEncoding = 4; lastKnownFileType = sourcecode.c.h; path = BotConnectionManager.h; sourceTree = "<group>"; };
		B84142701C070FB5007E4270 /* BotConnectionManager.m */ = {isa = PBXFileReference; fileEncoding = 4; lastKnownFileType = sourcecode.c.objc; path = BotConnectionManager.m; sourceTree = "<group>"; };
		B84142711C070FB5007E4270 /* BotController.swift */ = {isa = PBXFileReference; fileEncoding = 4; lastKnownFileType = sourcecode.swift; path = BotController.swift; sourceTree = "<group>"; };
		B84142721C070FB5007E4270 /* BotControlPlayground.playground */ = {isa = PBXFileReference; lastKnownFileType = file.playground; path = BotControlPlayground.playground; sourceTree = "<group>"; };
		B84142731C070FB5007E4270 /* BotControlTestViewController.swift */ = {isa = PBXFileReference; fileEncoding = 4; lastKnownFileType = sourcecode.swift; path = BotControlTestViewController.swift; sourceTree = "<group>"; };
		B84142741C070FB5007E4270 /* BotNavigator.swift */ = {isa = PBXFileReference; fileEncoding = 4; lastKnownFileType = sourcecode.swift; path = BotNavigator.swift; sourceTree = "<group>"; };
		B84142751C070FB5007E4270 /* BotUtils.swift */ = {isa = PBXFileReference; fileEncoding = 4; lastKnownFileType = sourcecode.swift; path = BotUtils.swift; sourceTree = "<group>"; };
		B84142761C070FB5007E4270 /* Command.swift */ = {isa = PBXFileReference; fileEncoding = 4; lastKnownFileType = sourcecode.swift; path = Command.swift; sourceTree = "<group>"; };
		B84142771C070FB5007E4270 /* CommandQueue.swift */ = {isa = PBXFileReference; fileEncoding = 4; lastKnownFileType = sourcecode.swift; path = CommandQueue.swift; sourceTree = "<group>"; };
		B84142781C070FB5007E4270 /* DashViewController.swift */ = {isa = PBXFileReference; fileEncoding = 4; lastKnownFileType = sourcecode.swift; path = DashViewController.swift; sourceTree = "<group>"; };
		B84142791C070FB5007E4270 /* DataProtocolPlayground.playground */ = {isa = PBXFileReference; lastKnownFileType = file.playground; path = DataProtocolPlayground.playground; sourceTree = "<group>"; };
		B841427B1C070FB5007E4270 /* MobileBot-Bridging-Header.h */ = {isa = PBXFileReference; fileEncoding = 4; lastKnownFileType = sourcecode.c.h; path = "MobileBot-Bridging-Header.h"; sourceTree = "<group>"; };
		B841427D1C070FB5007E4270 /* MobileBot.xcdatamodel */ = {isa = PBXFileReference; lastKnownFileType = wrapper.xcdatamodel; path = MobileBot.xcdatamodel; sourceTree = "<group>"; };
		B841427E1C070FB5007E4270 /* PersistableRegion.swift */ = {isa = PBXFileReference; fileEncoding = 4; lastKnownFileType = sourcecode.swift; path = PersistableRegion.swift; sourceTree = "<group>"; };
		B841427F1C070FB5007E4270 /* ProtocolCommand.h */ = {isa = PBXFileReference; fileEncoding = 4; lastKnownFileType = sourcecode.c.h; path = ProtocolCommand.h; sourceTree = "<group>"; };
		B84142801C070FB5007E4270 /* ProtocolCommand.m */ = {isa = PBXFileReference; fileEncoding = 4; lastKnownFileType = sourcecode.c.objc; path = ProtocolCommand.m; sourceTree = "<group>"; };
		B84142811C070FB5007E4270 /* ProtocolCommandExecutionUnit.h */ = {isa = PBXFileReference; fileEncoding = 4; lastKnownFileType = sourcecode.c.h; path = ProtocolCommandExecutionUnit.h; sourceTree = "<group>"; };
		B84142821C070FB5007E4270 /* ProtocolCommandExecutionUnit.m */ = {isa = PBXFileReference; fileEncoding = 4; lastKnownFileType = sourcecode.c.objc; path = ProtocolCommandExecutionUnit.m; sourceTree = "<group>"; };
		B84142831C070FB5007E4270 /* ProtocolCommandField.h */ = {isa = PBXFileReference; fileEncoding = 4; lastKnownFileType = sourcecode.c.h; path = ProtocolCommandField.h; sourceTree = "<group>"; };
		B84142841C070FB5007E4270 /* ProtocolCommandField.m */ = {isa = PBXFileReference; fileEncoding = 4; lastKnownFileType = sourcecode.c.objc; path = ProtocolCommandField.m; sourceTree = "<group>"; };
		B84142861C070FB5007E4270 /* SettingsViewController.swift */ = {isa = PBXFileReference; fileEncoding = 4; lastKnownFileType = sourcecode.swift; path = SettingsViewController.swift; sourceTree = "<group>"; };
		B84142871C070FB5007E4270 /* Stream.swift */ = {isa = PBXFileReference; fileEncoding = 4; lastKnownFileType = sourcecode.swift; path = Stream.swift; sourceTree = "<group>"; };
		B84142881C070FB5007E4270 /* StreamableLogger.swift */ = {isa = PBXFileReference; fileEncoding = 4; lastKnownFileType = sourcecode.swift; path = StreamableLogger.swift; sourceTree = "<group>"; };
		B84142891C070FB5007E4270 /* TestHardwareController.swift */ = {isa = PBXFileReference; fileEncoding = 4; lastKnownFileType = sourcecode.swift; path = TestHardwareController.swift; sourceTree = "<group>"; };
		B841428A1C070FB5007E4270 /* Toaster.swift */ = {isa = PBXFileReference; fileEncoding = 4; lastKnownFileType = sourcecode.swift; path = Toaster.swift; sourceTree = "<group>"; };
		B841428B1C070FB5007E4270 /* UILocalNotificationExtension.swift */ = {isa = PBXFileReference; fileEncoding = 4; lastKnownFileType = sourcecode.swift; path = UILocalNotificationExtension.swift; sourceTree = "<group>"; };
		B84142D31C0713B6007E4270 /* Main.storyboard */ = {isa = PBXFileReference; fileEncoding = 4; lastKnownFileType = file.storyboard; path = Main.storyboard; sourceTree = "<group>"; };
		B895E98A1C21B1EA00BDFE04 /* UseCaseManager.swift */ = {isa = PBXFileReference; fileEncoding = 4; lastKnownFileType = sourcecode.swift; path = UseCaseManager.swift; sourceTree = "<group>"; };
		B895E99F1C21B43B00BDFE04 /* beaconmanager.de.framework */ = {isa = PBXFileReference; lastKnownFileType = wrapper.framework; name = beaconmanager.de.framework; path = beaconmanager_sdk/Framework/beaconmanager.de.framework; sourceTree = "<group>"; };
		B895E9A11C21B44D00BDFE04 /* CoreBluetooth.framework */ = {isa = PBXFileReference; lastKnownFileType = wrapper.framework; name = CoreBluetooth.framework; path = System/Library/Frameworks/CoreBluetooth.framework; sourceTree = SDKROOT; };
		B895E9A31C21B45300BDFE04 /* CoreData.framework */ = {isa = PBXFileReference; lastKnownFileType = wrapper.framework; name = CoreData.framework; path = System/Library/Frameworks/CoreData.framework; sourceTree = SDKROOT; };
		B895E9A51C21B45900BDFE04 /* Accelerate.framework */ = {isa = PBXFileReference; lastKnownFileType = wrapper.framework; name = Accelerate.framework; path = System/Library/Frameworks/Accelerate.framework; sourceTree = SDKROOT; };
		B895E9A71C21B45F00BDFE04 /* Security.framework */ = {isa = PBXFileReference; lastKnownFileType = wrapper.framework; name = Security.framework; path = System/Library/Frameworks/Security.framework; sourceTree = SDKROOT; };
		B895E9A91C21B46800BDFE04 /* NotificationCenter.framework */ = {isa = PBXFileReference; lastKnownFileType = wrapper.framework; name = NotificationCenter.framework; path = System/Library/Frameworks/NotificationCenter.framework; sourceTree = SDKROOT; };
		B895E9AB1C21B46D00BDFE04 /* MapKit.framework */ = {isa = PBXFileReference; lastKnownFileType = wrapper.framework; name = MapKit.framework; path = System/Library/Frameworks/MapKit.framework; sourceTree = SDKROOT; };
		B895E9AD1C21B47300BDFE04 /* CoreLocation.framework */ = {isa = PBXFileReference; lastKnownFileType = wrapper.framework; name = CoreLocation.framework; path = System/Library/Frameworks/CoreLocation.framework; sourceTree = SDKROOT; };
		B895E9AF1C21B5DD00BDFE04 /* libz.dylib */ = {isa = PBXFileReference; lastKnownFileType = "compiled.mach-o.dylib"; name = libz.dylib; path = usr/lib/libz.dylib; sourceTree = SOURCE_ROOT; };
		B895E9B01C21B5DD00BDFE04 /* libxml2.dylib */ = {isa = PBXFileReference; lastKnownFileType = "compiled.mach-o.dylib"; name = libxml2.dylib; path = usr/lib/libxml2.dylib; sourceTree = SOURCE_ROOT; };
		B8BF80E71C21C41D00FA890C /* beaconmanager.de.res.bundle */ = {isa = PBXFileReference; lastKnownFileType = "wrapper.plug-in"; name = beaconmanager.de.res.bundle; path = beaconmanager_sdk/Framework/beaconmanager.de.res.bundle; sourceTree = "<group>"; };
/* End PBXFileReference section */

/* Begin PBXFrameworksBuildPhase section */
		B84142121C070EED007E4270 /* Frameworks */ = {
			isa = PBXFrameworksBuildPhase;
			buildActionMask = 2147483647;
			files = (
				B895E9AE1C21B47300BDFE04 /* CoreLocation.framework in Frameworks */,
				B895E9AC1C21B46D00BDFE04 /* MapKit.framework in Frameworks */,
				B895E9AA1C21B46800BDFE04 /* NotificationCenter.framework in Frameworks */,
				B895E9A81C21B45F00BDFE04 /* Security.framework in Frameworks */,
				B895E9A61C21B45900BDFE04 /* Accelerate.framework in Frameworks */,
				B895E9B11C21B5DD00BDFE04 /* libz.dylib in Frameworks */,
				B895E9A41C21B45300BDFE04 /* CoreData.framework in Frameworks */,
				B895E9A21C21B44D00BDFE04 /* CoreBluetooth.framework in Frameworks */,
				B895E9A01C21B43B00BDFE04 /* beaconmanager.de.framework in Frameworks */,
				B895E9B21C21B5DD00BDFE04 /* libxml2.dylib in Frameworks */,
			);
			runOnlyForDeploymentPostprocessing = 0;
		};
		B84142291C070EEE007E4270 /* Frameworks */ = {
			isa = PBXFrameworksBuildPhase;
			buildActionMask = 2147483647;
			files = (
			);
			runOnlyForDeploymentPostprocessing = 0;
		};
		B84142341C070EEE007E4270 /* Frameworks */ = {
			isa = PBXFrameworksBuildPhase;
			buildActionMask = 2147483647;
			files = (
			);
			runOnlyForDeploymentPostprocessing = 0;
		};
/* End PBXFrameworksBuildPhase section */

/* Begin PBXGroup section */
		B841420C1C070EED007E4270 = {
			isa = PBXGroup;
			children = (
				B8BF80E71C21C41D00FA890C /* beaconmanager.de.res.bundle */,
				B895E9AF1C21B5DD00BDFE04 /* libz.dylib */,
				B895E9B01C21B5DD00BDFE04 /* libxml2.dylib */,
				B895E9AD1C21B47300BDFE04 /* CoreLocation.framework */,
				B895E9AB1C21B46D00BDFE04 /* MapKit.framework */,
				B895E9A91C21B46800BDFE04 /* NotificationCenter.framework */,
				B895E9A71C21B45F00BDFE04 /* Security.framework */,
				B895E9A51C21B45900BDFE04 /* Accelerate.framework */,
				B895E9A31C21B45300BDFE04 /* CoreData.framework */,
				B895E9A11C21B44D00BDFE04 /* CoreBluetooth.framework */,
				B895E99F1C21B43B00BDFE04 /* beaconmanager.de.framework */,
				B84142171C070EED007E4270 /* MobileBot */,
				B841422F1C070EEE007E4270 /* MobileBotTests */,
				B841423A1C070EEE007E4270 /* MobileBotUITests */,
				B84142161C070EED007E4270 /* Products */,
			);
			sourceTree = "<group>";
		};
		B84142161C070EED007E4270 /* Products */ = {
			isa = PBXGroup;
			children = (
				B84142151C070EED007E4270 /* MobileBot.app */,
				B841422C1C070EEE007E4270 /* MobileBotTests.xctest */,
				B84142371C070EEE007E4270 /* MobileBotUITests.xctest */,
			);
			name = Products;
			sourceTree = "<group>";
		};
		B84142171C070EED007E4270 /* MobileBot */ = {
			isa = PBXGroup;
			children = (
				B84142D31C0713B6007E4270 /* Main.storyboard */,
				B895E9731C21B18F00BDFE04 /* Frameworks */,
				B84142AB1C07103F007E4270 /* Use-Cases */,
				B84142AA1C07102C007E4270 /* BotConnection */,
				B84142A91C07101D007E4270 /* BotControl */,
				B84142781C070FB5007E4270 /* DashViewController.swift */,
				B84142791C070FB5007E4270 /* DataProtocolPlayground.playground */,
				B841427B1C070FB5007E4270 /* MobileBot-Bridging-Header.h */,
				B841427C1C070FB5007E4270 /* MobileBot.xcdatamodeld */,
				B84142A71C070FE3007E4270 /* Utility */,
				B84142A81C070FFC007E4270 /* Protocol */,
				B84142861C070FB5007E4270 /* SettingsViewController.swift */,
				B84142891C070FB5007E4270 /* TestHardwareController.swift */,
				B84142AC1C07104E007E4270 /* Beacons */,
				B841428B1C070FB5007E4270 /* UILocalNotificationExtension.swift */,
				B84142181C070EED007E4270 /* AppDelegate.swift */,
				B84142221C070EED007E4270 /* Assets.xcassets */,
				B84142241C070EED007E4270 /* LaunchScreen.storyboard */,
				B84142271C070EED007E4270 /* Info.plist */,
				B841426A1C070FB5007E4270 /* MobileBot-Bridging-Header.h */,
			);
			path = MobileBot;
			sourceTree = "<group>";
		};
		B841422F1C070EEE007E4270 /* MobileBotTests */ = {
			isa = PBXGroup;
			children = (
				B84142301C070EEE007E4270 /* MobileBotTests.swift */,
				B84142321C070EEE007E4270 /* Info.plist */,
			);
			path = MobileBotTests;
			sourceTree = "<group>";
		};
		B841423A1C070EEE007E4270 /* MobileBotUITests */ = {
			isa = PBXGroup;
			children = (
				B841423B1C070EEE007E4270 /* MobileBotUITests.swift */,
				B841423D1C070EEE007E4270 /* Info.plist */,
			);
			path = MobileBotUITests;
			sourceTree = "<group>";
		};
		B84142A71C070FE3007E4270 /* Utility */ = {
			isa = PBXGroup;
			children = (
				B841427E1C070FB5007E4270 /* PersistableRegion.swift */,
				B84142871C070FB5007E4270 /* Stream.swift */,
				B84142881C070FB5007E4270 /* StreamableLogger.swift */,
				B841428A1C070FB5007E4270 /* Toaster.swift */,
			);
			name = Utility;
			sourceTree = "<group>";
		};
		B84142A81C070FFC007E4270 /* Protocol */ = {
			isa = PBXGroup;
			children = (
				B841427F1C070FB5007E4270 /* ProtocolCommand.h */,
				B84142801C070FB5007E4270 /* ProtocolCommand.m */,
				B84142811C070FB5007E4270 /* ProtocolCommandExecutionUnit.h */,
				B84142821C070FB5007E4270 /* ProtocolCommandExecutionUnit.m */,
				B84142831C070FB5007E4270 /* ProtocolCommandField.h */,
				B84142841C070FB5007E4270 /* ProtocolCommandField.m */,
			);
			name = Protocol;
			sourceTree = "<group>";
		};
		B84142A91C07101D007E4270 /* BotControl */ = {
			isa = PBXGroup;
			children = (
				B84142711C070FB5007E4270 /* BotController.swift */,
				B84142721C070FB5007E4270 /* BotControlPlayground.playground */,
				B84142731C070FB5007E4270 /* BotControlTestViewController.swift */,
				B84142741C070FB5007E4270 /* BotNavigator.swift */,
				B84142751C070FB5007E4270 /* BotUtils.swift */,
				B84142761C070FB5007E4270 /* Command.swift */,
				B84142771C070FB5007E4270 /* CommandQueue.swift */,
			);
			name = BotControl;
			sourceTree = "<group>";
		};
		B84142AA1C07102C007E4270 /* BotConnection */ = {
			isa = PBXGroup;
			children = (
				B841426D1C070FB5007E4270 /* BotConnection.h */,
				B841426E1C070FB5007E4270 /* BotConnection.m */,
				B841426F1C070FB5007E4270 /* BotConnectionManager.h */,
				B84142701C070FB5007E4270 /* BotConnectionManager.m */,
			);
			name = BotConnection;
			sourceTree = "<group>";
		};
		B84142AB1C07103F007E4270 /* Use-Cases */ = {
			isa = PBXGroup;
			children = (
				B895E98A1C21B1EA00BDFE04 /* UseCaseManager.swift */,
				A66C92681C4FE9C7009E9CAF /* BabysitterBot.swift */,
				AF632AC31C5117F700270027 /* RaumvermesserBot.swift */,
			);
			name = "Use-Cases";
			sourceTree = "<group>";
		};
		B84142AC1C07104E007E4270 /* Beacons */ = {
			isa = PBXGroup;
			children = (
			);
			name = Beacons;
			sourceTree = "<group>";
		};
		B895E9731C21B18F00BDFE04 /* Frameworks */ = {
			isa = PBXGroup;
			children = (
			);
			name = Frameworks;
			sourceTree = "<group>";
		};
/* End PBXGroup section */

/* Begin PBXNativeTarget section */
		B84142141C070EED007E4270 /* MobileBot */ = {
			isa = PBXNativeTarget;
			buildConfigurationList = B84142401C070EEE007E4270 /* Build configuration list for PBXNativeTarget "MobileBot" */;
			buildPhases = (
				B84142111C070EED007E4270 /* Sources */,
				B84142121C070EED007E4270 /* Frameworks */,
				B84142131C070EED007E4270 /* Resources */,
			);
			buildRules = (
			);
			dependencies = (
			);
			name = MobileBot;
			productName = MobileBot;
			productReference = B84142151C070EED007E4270 /* MobileBot.app */;
			productType = "com.apple.product-type.application";
		};
		B841422B1C070EEE007E4270 /* MobileBotTests */ = {
			isa = PBXNativeTarget;
			buildConfigurationList = B84142431C070EEE007E4270 /* Build configuration list for PBXNativeTarget "MobileBotTests" */;
			buildPhases = (
				B84142281C070EEE007E4270 /* Sources */,
				B84142291C070EEE007E4270 /* Frameworks */,
				B841422A1C070EEE007E4270 /* Resources */,
			);
			buildRules = (
			);
			dependencies = (
				B841422E1C070EEE007E4270 /* PBXTargetDependency */,
			);
			name = MobileBotTests;
			productName = MobileBotTests;
			productReference = B841422C1C070EEE007E4270 /* MobileBotTests.xctest */;
			productType = "com.apple.product-type.bundle.unit-test";
		};
		B84142361C070EEE007E4270 /* MobileBotUITests */ = {
			isa = PBXNativeTarget;
			buildConfigurationList = B84142461C070EEE007E4270 /* Build configuration list for PBXNativeTarget "MobileBotUITests" */;
			buildPhases = (
				B84142331C070EEE007E4270 /* Sources */,
				B84142341C070EEE007E4270 /* Frameworks */,
				B84142351C070EEE007E4270 /* Resources */,
			);
			buildRules = (
			);
			dependencies = (
				B84142391C070EEE007E4270 /* PBXTargetDependency */,
			);
			name = MobileBotUITests;
			productName = MobileBotUITests;
			productReference = B84142371C070EEE007E4270 /* MobileBotUITests.xctest */;
			productType = "com.apple.product-type.bundle.ui-testing";
		};
/* End PBXNativeTarget section */

/* Begin PBXProject section */
		B841420D1C070EED007E4270 /* Project object */ = {
			isa = PBXProject;
			attributes = {
				LastSwiftUpdateCheck = 0710;
				LastUpgradeCheck = 0710;
				ORGANIZATIONNAME = "Goran Vukovic";
				TargetAttributes = {
					B84142141C070EED007E4270 = {
						CreatedOnToolsVersion = 7.1.1;
						DevelopmentTeam = 9E5M8J88K8;
						SystemCapabilities = {
							com.apple.Push = {
								enabled = 1;
							};
						};
					};
					B841422B1C070EEE007E4270 = {
						CreatedOnToolsVersion = 7.1.1;
						TestTargetID = B84142141C070EED007E4270;
					};
					B84142361C070EEE007E4270 = {
						CreatedOnToolsVersion = 7.1.1;
						TestTargetID = B84142141C070EED007E4270;
					};
				};
			};
			buildConfigurationList = B84142101C070EED007E4270 /* Build configuration list for PBXProject "MobileBot" */;
			compatibilityVersion = "Xcode 3.2";
			developmentRegion = English;
			hasScannedForEncodings = 0;
			knownRegions = (
				en,
				Base,
			);
			mainGroup = B841420C1C070EED007E4270;
			productRefGroup = B84142161C070EED007E4270 /* Products */;
			projectDirPath = "";
			projectRoot = "";
			targets = (
				B84142141C070EED007E4270 /* MobileBot */,
				B841422B1C070EEE007E4270 /* MobileBotTests */,
				B84142361C070EEE007E4270 /* MobileBotUITests */,
			);
		};
/* End PBXProject section */

/* Begin PBXResourcesBuildPhase section */
		B84142131C070EED007E4270 /* Resources */ = {
			isa = PBXResourcesBuildPhase;
			buildActionMask = 2147483647;
			files = (
				B84142D41C0713B6007E4270 /* Main.storyboard in Resources */,
				B8BF80E81C21C41D00FA890C /* beaconmanager.de.res.bundle in Resources */,
				B84142261C070EED007E4270 /* LaunchScreen.storyboard in Resources */,
				B84142231C070EED007E4270 /* Assets.xcassets in Resources */,
			);
			runOnlyForDeploymentPostprocessing = 0;
		};
		B841422A1C070EEE007E4270 /* Resources */ = {
			isa = PBXResourcesBuildPhase;
			buildActionMask = 2147483647;
			files = (
			);
			runOnlyForDeploymentPostprocessing = 0;
		};
		B84142351C070EEE007E4270 /* Resources */ = {
			isa = PBXResourcesBuildPhase;
			buildActionMask = 2147483647;
			files = (
			);
			runOnlyForDeploymentPostprocessing = 0;
		};
/* End PBXResourcesBuildPhase section */

/* Begin PBXSourcesBuildPhase section */
		B84142111C070EED007E4270 /* Sources */ = {
			isa = PBXSourcesBuildPhase;
			buildActionMask = 2147483647;
			files = (
				B84142A21C070FB5007E4270 /* TestHardwareController.swift in Sources */,
				B84142901C070FB5007E4270 /* BotConnectionManager.m in Sources */,
				B84142961C070FB5007E4270 /* CommandQueue.swift in Sources */,
				B841429D1C070FB5007E4270 /* ProtocolCommandField.m in Sources */,
				B895E98B1C21B1EA00BDFE04 /* UseCaseManager.swift in Sources */,
				B84142A31C070FB5007E4270 /* Toaster.swift in Sources */,
				B84142921C070FB5007E4270 /* BotControlTestViewController.swift in Sources */,
				AF632AC41C5117F700270027 /* RaumvermesserBot.swift in Sources */,
				B841429A1C070FB5007E4270 /* PersistableRegion.swift in Sources */,
				B84142941C070FB5007E4270 /* BotUtils.swift in Sources */,
				B84142971C070FB5007E4270 /* DashViewController.swift in Sources */,
				B84142191C070EED007E4270 /* AppDelegate.swift in Sources */,
				B841429F1C070FB5007E4270 /* SettingsViewController.swift in Sources */,
				B84142991C070FB5007E4270 /* MobileBot.xcdatamodeld in Sources */,
				A66C92691C4FE9C7009E9CAF /* BabysitterBot.swift in Sources */,
				B84142A01C070FB5007E4270 /* Stream.swift in Sources */,
				B84142931C070FB5007E4270 /* BotNavigator.swift in Sources */,
				B84142A11C070FB5007E4270 /* StreamableLogger.swift in Sources */,
				B841428F1C070FB5007E4270 /* BotConnection.m in Sources */,
				B84142A41C070FB5007E4270 /* UILocalNotificationExtension.swift in Sources */,
				B84142911C070FB5007E4270 /* BotController.swift in Sources */,
				B84142951C070FB5007E4270 /* Command.swift in Sources */,
				B841429C1C070FB5007E4270 /* ProtocolCommandExecutionUnit.m in Sources */,
				B841429B1C070FB5007E4270 /* ProtocolCommand.m in Sources */,
			);
			runOnlyForDeploymentPostprocessing = 0;
		};
		B84142281C070EEE007E4270 /* Sources */ = {
			isa = PBXSourcesBuildPhase;
			buildActionMask = 2147483647;
			files = (
				B84142311C070EEE007E4270 /* MobileBotTests.swift in Sources */,
			);
			runOnlyForDeploymentPostprocessing = 0;
		};
		B84142331C070EEE007E4270 /* Sources */ = {
			isa = PBXSourcesBuildPhase;
			buildActionMask = 2147483647;
			files = (
				B841423C1C070EEE007E4270 /* MobileBotUITests.swift in Sources */,
			);
			runOnlyForDeploymentPostprocessing = 0;
		};
/* End PBXSourcesBuildPhase section */

/* Begin PBXTargetDependency section */
		B841422E1C070EEE007E4270 /* PBXTargetDependency */ = {
			isa = PBXTargetDependency;
			target = B84142141C070EED007E4270 /* MobileBot */;
			targetProxy = B841422D1C070EEE007E4270 /* PBXContainerItemProxy */;
		};
		B84142391C070EEE007E4270 /* PBXTargetDependency */ = {
			isa = PBXTargetDependency;
			target = B84142141C070EED007E4270 /* MobileBot */;
			targetProxy = B84142381C070EEE007E4270 /* PBXContainerItemProxy */;
		};
/* End PBXTargetDependency section */

/* Begin PBXVariantGroup section */
		B84142241C070EED007E4270 /* LaunchScreen.storyboard */ = {
			isa = PBXVariantGroup;
			children = (
				B84142251C070EED007E4270 /* Base */,
			);
			name = LaunchScreen.storyboard;
			sourceTree = "<group>";
		};
/* End PBXVariantGroup section */

/* Begin XCBuildConfiguration section */
		B841423E1C070EEE007E4270 /* Debug */ = {
			isa = XCBuildConfiguration;
			buildSettings = {
				ALWAYS_SEARCH_USER_PATHS = NO;
				CLANG_CXX_LANGUAGE_STANDARD = "gnu++0x";
				CLANG_CXX_LIBRARY = "libc++";
				CLANG_ENABLE_MODULES = YES;
				CLANG_ENABLE_OBJC_ARC = YES;
				CLANG_WARN_BOOL_CONVERSION = YES;
				CLANG_WARN_CONSTANT_CONVERSION = YES;
				CLANG_WARN_DIRECT_OBJC_ISA_USAGE = YES_ERROR;
				CLANG_WARN_EMPTY_BODY = YES;
				CLANG_WARN_ENUM_CONVERSION = YES;
				CLANG_WARN_INT_CONVERSION = YES;
				CLANG_WARN_OBJC_ROOT_CLASS = YES_ERROR;
				CLANG_WARN_UNREACHABLE_CODE = YES;
				CLANG_WARN__DUPLICATE_METHOD_MATCH = YES;
				"CODE_SIGN_IDENTITY[sdk=iphoneos*]" = "iPhone Developer";
				COPY_PHASE_STRIP = NO;
				DEBUG_INFORMATION_FORMAT = dwarf;
				ENABLE_STRICT_OBJC_MSGSEND = YES;
				ENABLE_TESTABILITY = YES;
				GCC_C_LANGUAGE_STANDARD = gnu99;
				GCC_DYNAMIC_NO_PIC = NO;
				GCC_NO_COMMON_BLOCKS = YES;
				GCC_OPTIMIZATION_LEVEL = 0;
				GCC_PREPROCESSOR_DEFINITIONS = (
					"DEBUG=1",
					"$(inherited)",
				);
				GCC_WARN_64_TO_32_BIT_CONVERSION = YES;
				GCC_WARN_ABOUT_RETURN_TYPE = YES_ERROR;
				GCC_WARN_UNDECLARED_SELECTOR = YES;
				GCC_WARN_UNINITIALIZED_AUTOS = YES_AGGRESSIVE;
				GCC_WARN_UNUSED_FUNCTION = YES;
				GCC_WARN_UNUSED_VARIABLE = YES;
				IPHONEOS_DEPLOYMENT_TARGET = 9.1;
				MTL_ENABLE_DEBUG_INFO = YES;
				ONLY_ACTIVE_ARCH = YES;
				SDKROOT = iphoneos;
				SWIFT_OPTIMIZATION_LEVEL = "-Onone";
				TARGETED_DEVICE_FAMILY = "1,2";
			};
			name = Debug;
		};
		B841423F1C070EEE007E4270 /* Release */ = {
			isa = XCBuildConfiguration;
			buildSettings = {
				ALWAYS_SEARCH_USER_PATHS = NO;
				CLANG_CXX_LANGUAGE_STANDARD = "gnu++0x";
				CLANG_CXX_LIBRARY = "libc++";
				CLANG_ENABLE_MODULES = YES;
				CLANG_ENABLE_OBJC_ARC = YES;
				CLANG_WARN_BOOL_CONVERSION = YES;
				CLANG_WARN_CONSTANT_CONVERSION = YES;
				CLANG_WARN_DIRECT_OBJC_ISA_USAGE = YES_ERROR;
				CLANG_WARN_EMPTY_BODY = YES;
				CLANG_WARN_ENUM_CONVERSION = YES;
				CLANG_WARN_INT_CONVERSION = YES;
				CLANG_WARN_OBJC_ROOT_CLASS = YES_ERROR;
				CLANG_WARN_UNREACHABLE_CODE = YES;
				CLANG_WARN__DUPLICATE_METHOD_MATCH = YES;
				"CODE_SIGN_IDENTITY[sdk=iphoneos*]" = "iPhone Developer";
				COPY_PHASE_STRIP = NO;
				DEBUG_INFORMATION_FORMAT = "dwarf-with-dsym";
				ENABLE_NS_ASSERTIONS = NO;
				ENABLE_STRICT_OBJC_MSGSEND = YES;
				GCC_C_LANGUAGE_STANDARD = gnu99;
				GCC_NO_COMMON_BLOCKS = YES;
				GCC_WARN_64_TO_32_BIT_CONVERSION = YES;
				GCC_WARN_ABOUT_RETURN_TYPE = YES_ERROR;
				GCC_WARN_UNDECLARED_SELECTOR = YES;
				GCC_WARN_UNINITIALIZED_AUTOS = YES_AGGRESSIVE;
				GCC_WARN_UNUSED_FUNCTION = YES;
				GCC_WARN_UNUSED_VARIABLE = YES;
				IPHONEOS_DEPLOYMENT_TARGET = 9.1;
				MTL_ENABLE_DEBUG_INFO = NO;
				SDKROOT = iphoneos;
				TARGETED_DEVICE_FAMILY = "1,2";
				VALIDATE_PRODUCT = YES;
			};
			name = Release;
		};
		B84142411C070EEE007E4270 /* Debug */ = {
			isa = XCBuildConfiguration;
			buildSettings = {
				ASSETCATALOG_COMPILER_APPICON_NAME = AppIcon;
				CLANG_ENABLE_MODULES = YES;
				CODE_SIGN_IDENTITY = "iPhone Developer";
				"CODE_SIGN_IDENTITY[sdk=iphoneos*]" = "iPhone Developer";
				EMBEDDED_CONTENT_CONTAINS_SWIFT = YES;
				ENABLE_BITCODE = NO;
				FRAMEWORK_SEARCH_PATHS = (
					"$(inherited)",
					"$(PROJECT_DIR)",
					"$(PROJECT_DIR)/MobileBot",
					"$(PROJECT_DIR)/beaconmanager_sdk/Framework",
				);
				INFOPLIST_FILE = MobileBot/Info.plist;
				LD_RUNPATH_SEARCH_PATHS = "$(inherited) @executable_path/Frameworks";
				LIBRARY_SEARCH_PATHS = (
					"$(inherited)",
					"$(PROJECT_DIR)/usr/lib",
				);
				PRODUCT_BUNDLE_IDENTIFIER = "de.beuth-hochschule.mobilebot";
				PRODUCT_NAME = "$(TARGET_NAME)";
				PROVISIONING_PROFILE = "";
				SWIFT_OBJC_BRIDGING_HEADER = "MobileBot/MobileBot-Bridging-Header.h";
				SWIFT_OPTIMIZATION_LEVEL = "-Onone";
			};
			name = Debug;
		};
		B84142421C070EEE007E4270 /* Release */ = {
			isa = XCBuildConfiguration;
			buildSettings = {
				ASSETCATALOG_COMPILER_APPICON_NAME = AppIcon;
				CLANG_ENABLE_MODULES = YES;
				CODE_SIGN_IDENTITY = "iPhone Developer";
				"CODE_SIGN_IDENTITY[sdk=iphoneos*]" = "iPhone Developer";
				EMBEDDED_CONTENT_CONTAINS_SWIFT = YES;
				ENABLE_BITCODE = NO;
				FRAMEWORK_SEARCH_PATHS = (
					"$(inherited)",
					"$(PROJECT_DIR)",
					"$(PROJECT_DIR)/MobileBot",
					"$(PROJECT_DIR)/beaconmanager_sdk/Framework",
				);
				INFOPLIST_FILE = MobileBot/Info.plist;
				LD_RUNPATH_SEARCH_PATHS = "$(inherited) @executable_path/Frameworks";
				LIBRARY_SEARCH_PATHS = (
					"$(inherited)",
					"$(PROJECT_DIR)/usr/lib",
				);
				PRODUCT_BUNDLE_IDENTIFIER = "de.beuth-hochschule.mobilebot";
				PRODUCT_NAME = "$(TARGET_NAME)";
				PROVISIONING_PROFILE = "";
				SWIFT_OBJC_BRIDGING_HEADER = "MobileBot/MobileBot-Bridging-Header.h";
			};
			name = Release;
		};
		B84142441C070EEE007E4270 /* Debug */ = {
			isa = XCBuildConfiguration;
			buildSettings = {
				BUNDLE_LOADER = "$(TEST_HOST)";
				INFOPLIST_FILE = MobileBotTests/Info.plist;
				LD_RUNPATH_SEARCH_PATHS = "$(inherited) @executable_path/Frameworks @loader_path/Frameworks";
				PRODUCT_BUNDLE_IDENTIFIER = MobileBotTeam.MobileBotTests;
				PRODUCT_NAME = "$(TARGET_NAME)";
				TEST_HOST = "$(BUILT_PRODUCTS_DIR)/MobileBot.app/MobileBot";
			};
			name = Debug;
		};
		B84142451C070EEE007E4270 /* Release */ = {
			isa = XCBuildConfiguration;
			buildSettings = {
				BUNDLE_LOADER = "$(TEST_HOST)";
				INFOPLIST_FILE = MobileBotTests/Info.plist;
				LD_RUNPATH_SEARCH_PATHS = "$(inherited) @executable_path/Frameworks @loader_path/Frameworks";
				PRODUCT_BUNDLE_IDENTIFIER = MobileBotTeam.MobileBotTests;
				PRODUCT_NAME = "$(TARGET_NAME)";
				TEST_HOST = "$(BUILT_PRODUCTS_DIR)/MobileBot.app/MobileBot";
			};
			name = Release;
		};
		B84142471C070EEE007E4270 /* Debug */ = {
			isa = XCBuildConfiguration;
			buildSettings = {
				INFOPLIST_FILE = MobileBotUITests/Info.plist;
				LD_RUNPATH_SEARCH_PATHS = "$(inherited) @executable_path/Frameworks @loader_path/Frameworks";
				PRODUCT_BUNDLE_IDENTIFIER = MobileBotTeam.MobileBotUITests;
				PRODUCT_NAME = "$(TARGET_NAME)";
				TEST_TARGET_NAME = MobileBot;
				USES_XCTRUNNER = YES;
			};
			name = Debug;
		};
		B84142481C070EEE007E4270 /* Release */ = {
			isa = XCBuildConfiguration;
			buildSettings = {
				INFOPLIST_FILE = MobileBotUITests/Info.plist;
				LD_RUNPATH_SEARCH_PATHS = "$(inherited) @executable_path/Frameworks @loader_path/Frameworks";
				PRODUCT_BUNDLE_IDENTIFIER = MobileBotTeam.MobileBotUITests;
				PRODUCT_NAME = "$(TARGET_NAME)";
				TEST_TARGET_NAME = MobileBot;
				USES_XCTRUNNER = YES;
			};
			name = Release;
		};
/* End XCBuildConfiguration section */

/* Begin XCConfigurationList section */
		B84142101C070EED007E4270 /* Build configuration list for PBXProject "MobileBot" */ = {
			isa = XCConfigurationList;
			buildConfigurations = (
				B841423E1C070EEE007E4270 /* Debug */,
				B841423F1C070EEE007E4270 /* Release */,
			);
			defaultConfigurationIsVisible = 0;
			defaultConfigurationName = Release;
		};
		B84142401C070EEE007E4270 /* Build configuration list for PBXNativeTarget "MobileBot" */ = {
			isa = XCConfigurationList;
			buildConfigurations = (
				B84142411C070EEE007E4270 /* Debug */,
				B84142421C070EEE007E4270 /* Release */,
			);
			defaultConfigurationIsVisible = 0;
			defaultConfigurationName = Release;
		};
		B84142431C070EEE007E4270 /* Build configuration list for PBXNativeTarget "MobileBotTests" */ = {
			isa = XCConfigurationList;
			buildConfigurations = (
				B84142441C070EEE007E4270 /* Debug */,
				B84142451C070EEE007E4270 /* Release */,
			);
			defaultConfigurationIsVisible = 0;
			defaultConfigurationName = Release;
		};
		B84142461C070EEE007E4270 /* Build configuration list for PBXNativeTarget "MobileBotUITests" */ = {
			isa = XCConfigurationList;
			buildConfigurations = (
				B84142471C070EEE007E4270 /* Debug */,
				B84142481C070EEE007E4270 /* Release */,
			);
			defaultConfigurationIsVisible = 0;
			defaultConfigurationName = Release;
		};
/* End XCConfigurationList section */

/* Begin XCVersionGroup section */
		B841427C1C070FB5007E4270 /* MobileBot.xcdatamodeld */ = {
			isa = XCVersionGroup;
			children = (
				B841427D1C070FB5007E4270 /* MobileBot.xcdatamodel */,
			);
			currentVersion = B841427D1C070FB5007E4270 /* MobileBot.xcdatamodel */;
			path = MobileBot.xcdatamodeld;
			sourceTree = "<group>";
			versionGroupType = wrapper.xcdatamodel;
		};
/* End XCVersionGroup section */
	};
	rootObject = B841420D1C070EED007E4270 /* Project object */;
}
